{
  "name": "adv_web_3",
  "version": "1.0.0",
  "lockfileVersion": 3,
  "requires": true,
  "packages": {
    "": {
      "name": "adv_web_3",
      "version": "1.0.0",
      "license": "ISC",
      "dependencies": {
        "@keplerxiii/adv_web_3_ajs": "^1.0.0"
      }
    },
    "node_modules/@keplerxiii/adv_web_3_ajs": {
      "version": "1.0.0",
      "resolved": "https://npm.pkg.github.com/download/@keplerxiii/adv_web_3_ajs/1.0.0/ed0de12d3299910c39e242935b841a88c3371156",
      "integrity": "sha512-qv5FDXAaV7Khn+IGuxHha+ZnA7y8Lb/z1JM6FntamNJ/5DBNYryHbQDkTWKdWz30bBVvjMDS62uIOpiwshU8qA==",
      "license": "ISC"
    }
  }
}
